
Microsoft Visual Studio Solution File, Format Version 12.00
# Visual Studio Version 17
VisualStudioVersion = 17.10.35122.118
MinimumVisualStudioVersion = 10.0.40219.1
Project("{FAE04EC0-301F-11D3-BF4B-00C04F79EFBC}") = "Lab01", "Lab01\Lab01.csproj", "{213E92DC-127E-479D-A681-7C50C8BF1F8F}"
EndProject
Global
	GlobalSection(SolutionConfigurationPlatforms) = preSolution
		Debug|Any CPU = Debug|Any CPU
		Release|Any CPU = Release|Any CPU
	EndGlobalSection
	GlobalSection(ProjectConfigurationPlatforms) = postSolution
		{213E92DC-127E-479D-A681-7C50C8BF1F8F}.Debug|Any CPU.ActiveCfg = Debug|Any CPU
		{213E92DC-127E-479D-A681-7C50C8BF1F8F}.Debug|Any CPU.Build.0 = Debug|Any CPU
		{213E92DC-127E-479D-A681-7C50C8BF1F8F}.Release|Any CPU.ActiveCfg = Release|Any CPU
		{213E92DC-127E-479D-A681-7C50C8BF1F8F}.Release|Any CPU.Build.0 = Release|Any CPU
	EndGlobalSection
	GlobalSection(SolutionProperties) = preSolution
		HideSolutionNode = FALSE
	EndGlobalSection
	GlobalSection(ExtensibilityGlobals) = postSolution
		SolutionGuid = {34D024AA-F18C-4D6D-9992-5B8796CD6695}
	EndGlobalSection
EndGlobal
